
Microsoft Visual Studio Solution File, Format Version 12.00
# Visual Studio Version 16
VisualStudioVersion = 16.0.29209.152
MinimumVisualStudioVersion = 10.0.40219.1
Project("{FAE04EC0-301F-11D3-BF4B-00C04F79EFBC}") = "Disbot", "Disbot\Disbot.csproj", "{0B1C9FAB-4D84-4439-9E2E-4D015788D188}"
EndProject
Global
	GlobalSection(SolutionConfigurationPlatforms) = preSolution
		Debug|Any CPU = Debug|Any CPU
		Release|Any CPU = Release|Any CPU
	EndGlobalSection
	GlobalSection(ProjectConfigurationPlatforms) = postSolution
		{0B1C9FAB-4D84-4439-9E2E-4D015788D188}.Debug|Any CPU.ActiveCfg = Debug|Any CPU
		{0B1C9FAB-4D84-4439-9E2E-4D015788D188}.Debug|Any CPU.Build.0 = Debug|Any CPU
		{0B1C9FAB-4D84-4439-9E2E-4D015788D188}.Release|Any CPU.ActiveCfg = Release|Any CPU
		{0B1C9FAB-4D84-4439-9E2E-4D015788D188}.Release|Any CPU.Build.0 = Release|Any CPU
	EndGlobalSection
	GlobalSection(SolutionProperties) = preSolution
		HideSolutionNode = FALSE
	EndGlobalSection
	GlobalSection(ExtensibilityGlobals) = postSolution
		SolutionGuid = {FA002974-8A91-4981-BB09-9D0812B9A632}
	EndGlobalSection
EndGlobal
